
Microsoft Visual Studio Solution File, Format Version 12.00
# Visual Studio 15
VisualStudioVersion = 15.0.28010.2036
MinimumVisualStudioVersion = 10.0.40219.1
Project("{FAE04EC0-301F-11D3-BF4B-00C04F79EFBC}") = "HamburgersBlog", "HamburgersBlog\HamburgersBlog.csproj", "{B89FA566-AF53-4701-BA1D-AB0ABFA93151}"
EndProject
Global
	GlobalSection(SolutionConfigurationPlatforms) = preSolution
		Debug|Any CPU = Debug|Any CPU
		Release|Any CPU = Release|Any CPU
	EndGlobalSection
	GlobalSection(ProjectConfigurationPlatforms) = postSolution
		{B89FA566-AF53-4701-BA1D-AB0ABFA93151}.Debug|Any CPU.ActiveCfg = Debug|Any CPU
		{B89FA566-AF53-4701-BA1D-AB0ABFA93151}.Debug|Any CPU.Build.0 = Debug|Any CPU
		{B89FA566-AF53-4701-BA1D-AB0ABFA93151}.Release|Any CPU.ActiveCfg = Release|Any CPU
		{B89FA566-AF53-4701-BA1D-AB0ABFA93151}.Release|Any CPU.Build.0 = Release|Any CPU
	EndGlobalSection
	GlobalSection(SolutionProperties) = preSolution
		HideSolutionNode = FALSE
	EndGlobalSection
	GlobalSection(ExtensibilityGlobals) = postSolution
		SolutionGuid = {D82DC030-87BE-4C62-A738-330B0A243A9C}
	EndGlobalSection
EndGlobal
